
Microsoft Visual Studio Solution File, Format Version 12.00
# Visual Studio Version 17
VisualStudioVersion = 17.7.34221.43
MinimumVisualStudioVersion = 10.0.40219.1
Project("{FAE04EC0-301F-11D3-BF4B-00C04F79EFBC}") = "CIS566-Assgnment3", "CIS566-Assgnment3\CIS566-Assgnment3.csproj", "{83091A2E-7E03-4224-8075-463018DD502B}"
EndProject
Global
	GlobalSection(SolutionConfigurationPlatforms) = preSolution
		Debug|Any CPU = Debug|Any CPU
		Release|Any CPU = Release|Any CPU
	EndGlobalSection
	GlobalSection(ProjectConfigurationPlatforms) = postSolution
		{83091A2E-7E03-4224-8075-463018DD502B}.Debug|Any CPU.ActiveCfg = Debug|Any CPU
		{83091A2E-7E03-4224-8075-463018DD502B}.Debug|Any CPU.Build.0 = Debug|Any CPU
		{83091A2E-7E03-4224-8075-463018DD502B}.Release|Any CPU.ActiveCfg = Release|Any CPU
		{83091A2E-7E03-4224-8075-463018DD502B}.Release|Any CPU.Build.0 = Release|Any CPU
	EndGlobalSection
	GlobalSection(SolutionProperties) = preSolution
		HideSolutionNode = FALSE
	EndGlobalSection
	GlobalSection(ExtensibilityGlobals) = postSolution
		SolutionGuid = {2C6961C0-5EF7-46A4-81A7-F5DD4D0AA278}
	EndGlobalSection
EndGlobal
